# Code generated by scarb DO NOT EDIT.
version = 1

[[package]]
name = "alexandria_data_structures"
version = "0.2.0"
source = "git+https://github.com/keep-starknet-strange/alexandria.git?tag=v0.2.0#bcc4fa417abbc8b067ae6f2d382b127006b5077c"

[[package]]
name = "alexandria_sorting"
version = "0.2.0"
source = "git+https://github.com/keep-starknet-strange/alexandria.git?tag=v0.2.0#bcc4fa417abbc8b067ae6f2d382b127006b5077c"
dependencies = [
 "alexandria_data_structures",
]

[[package]]
name = "alexandria_storage"
version = "0.2.0"
source = "git+https://github.com/keep-starknet-strange/alexandria.git?tag=v0.2.0#bcc4fa417abbc8b067ae6f2d382b127006b5077c"

[[package]]
name = "openzeppelin_access"
version = "1.0.0"
source = "registry+https://scarbs.xyz/"
checksum = "sha256:a39a4ea1582916c637bf7e3aee0832c3fe1ea3a3e39191955e8dc39d08327f9b"
dependencies = [
 "openzeppelin_introspection",
 "openzeppelin_utils",
]

[[package]]
name = "openzeppelin_introspection"
version = "1.0.0"
source = "registry+https://scarbs.xyz/"
checksum = "sha256:34e088ecf19e0b3012481a29f1fbb20e600540cb9a5db1c3002a97ebb7f5a32a"

[[package]]
name = "openzeppelin_security"
version = "1.0.0"
source = "registry+https://scarbs.xyz/"
checksum = "sha256:1deb811a239c4f9cc28fc302039e2ffcb19911698a8c612487207448d70d2e6e"

[[package]]
name = "openzeppelin_upgrades"
version = "1.0.0"
source = "registry+https://scarbs.xyz/"
checksum = "sha256:36f7a03e7e7111577916aacf31f88ad0053de20f33ee10b0ab3804849c3aa373"

[[package]]
name = "openzeppelin_utils"
version = "1.0.0"
source = "registry+https://scarbs.xyz/"
checksum = "sha256:fd348b31c4a4407add33adc3c2b8f26dca71dbd7431faaf726168f37a91db0c1"

[[package]]
name = "snforge_scarb_plugin"
version = "0.35.1"
source = "git+https://github.com/foundry-rs/starknet-foundry.git?tag=v0.35.1#089de2c7a391372a7aaa54ec2706b117f955d06a"

[[package]]
name = "snforge_std"
version = "0.35.1"
source = "git+https://github.com/foundry-rs/starknet-foundry.git?tag=v0.35.1#089de2c7a391372a7aaa54ec2706b117f955d06a"
dependencies = [
 "snforge_scarb_plugin",
]

[[package]]
name = "spherre"
version = "0.1.0"
dependencies = [
 "alexandria_data_structures",
 "alexandria_sorting",
 "alexandria_storage",
 "openzeppelin_access",
 "openzeppelin_introspection",
 "openzeppelin_security",
 "openzeppelin_upgrades",
 "snforge_std",
]
